
Microsoft Visual Studio Solution File, Format Version 12.00
# Visual Studio Version 16
VisualStudioVersion = 16.0.31112.23
MinimumVisualStudioVersion = 10.0.40219.1
Project("{FAE04EC0-301F-11D3-BF4B-00C04F79EFBC}") = "Project", "Project\Project.csproj", "{DB353EFF-B8B1-499A-AE3C-F6DFC63ECD17}"
EndProject
Global
	GlobalSection(SolutionConfigurationPlatforms) = preSolution
		Debug|Any CPU = Debug|Any CPU
		Release|Any CPU = Release|Any CPU
	EndGlobalSection
	GlobalSection(ProjectConfigurationPlatforms) = postSolution
		{DB353EFF-B8B1-499A-AE3C-F6DFC63ECD17}.Debug|Any CPU.ActiveCfg = Debug|Any CPU
		{DB353EFF-B8B1-499A-AE3C-F6DFC63ECD17}.Debug|Any CPU.Build.0 = Debug|Any CPU
		{DB353EFF-B8B1-499A-AE3C-F6DFC63ECD17}.Release|Any CPU.ActiveCfg = Release|Any CPU
		{DB353EFF-B8B1-499A-AE3C-F6DFC63ECD17}.Release|Any CPU.Build.0 = Release|Any CPU
	EndGlobalSection
	GlobalSection(SolutionProperties) = preSolution
		HideSolutionNode = FALSE
	EndGlobalSection
	GlobalSection(ExtensibilityGlobals) = postSolution
		SolutionGuid = {FCBFBD26-19E7-437C-B1DD-6BA29B65B677}
	EndGlobalSection
EndGlobal
